
Microsoft Visual Studio Solution File, Format Version 12.00
# Visual Studio Version 16
VisualStudioVersion = 16.0.30204.135
MinimumVisualStudioVersion = 10.0.40219.1
Project("{FAE04EC0-301F-11D3-BF4B-00C04F79EFBC}") = "Votacion Segundo parcial", "Votacion Segundo parcial\Votacion Segundo parcial.csproj", "{BBD1AAAB-67E1-4F17-878F-087F1B496529}"
EndProject
Global
	GlobalSection(SolutionConfigurationPlatforms) = preSolution
		Debug|Any CPU = Debug|Any CPU
		Release|Any CPU = Release|Any CPU
	EndGlobalSection
	GlobalSection(ProjectConfigurationPlatforms) = postSolution
		{BBD1AAAB-67E1-4F17-878F-087F1B496529}.Debug|Any CPU.ActiveCfg = Debug|Any CPU
		{BBD1AAAB-67E1-4F17-878F-087F1B496529}.Debug|Any CPU.Build.0 = Debug|Any CPU
		{BBD1AAAB-67E1-4F17-878F-087F1B496529}.Release|Any CPU.ActiveCfg = Release|Any CPU
		{BBD1AAAB-67E1-4F17-878F-087F1B496529}.Release|Any CPU.Build.0 = Release|Any CPU
	EndGlobalSection
	GlobalSection(SolutionProperties) = preSolution
		HideSolutionNode = FALSE
	EndGlobalSection
	GlobalSection(ExtensibilityGlobals) = postSolution
		SolutionGuid = {11BFB2D8-05E4-40A2-868D-F07B78FA37F8}
	EndGlobalSection
EndGlobal
